
Microsoft Visual Studio Solution File, Format Version 12.00
Project("{FAE04EC0-301F-11D3-BF4B-00C04F79EFBC}") = "IoneVectronConverterBlazor", "IoneVectronConverterBlazor\IoneVectronConverterBlazor.csproj", "{83D35EBA-EDE4-4685-99D0-241BFE561584}"
EndProject
Project("{2150E333-8FDC-42A3-9474-1A3956D46DE8}") = "src", "src", "{A40E0FE0-1142-4A6A-AB01-292F0EF58EC2}"
EndProject
Project("{2150E333-8FDC-42A3-9474-1A3956D46DE8}") = "tests", "tests", "{1F3CF9FA-1B64-43B0-93E4-A7D35A55490D}"
EndProject
Project("{FAE04EC0-301F-11D3-BF4B-00C04F79EFBC}") = "IoneVectronConverter", "IoneVectronConverter\IoneVectronConverter.csproj", "{7EE4DE81-0D67-4D83-9FC3-9B412B7F6FAF}"
EndProject
Project("{FAE04EC0-301F-11D3-BF4B-00C04F79EFBC}") = "IoneVectronConverter.IntegrationTests", "IoneVectronConverter.IntegrationTests\IoneVectronConverter.IntegrationTests.csproj", "{3F84DE85-C0C5-4D85-9CD0-3FA4821A517D}"
EndProject
Global
	GlobalSection(SolutionConfigurationPlatforms) = preSolution
		Debug|Any CPU = Debug|Any CPU
		Release|Any CPU = Release|Any CPU
	EndGlobalSection
	GlobalSection(ProjectConfigurationPlatforms) = postSolution
		{83D35EBA-EDE4-4685-99D0-241BFE561584}.Debug|Any CPU.ActiveCfg = Debug|Any CPU
		{83D35EBA-EDE4-4685-99D0-241BFE561584}.Debug|Any CPU.Build.0 = Debug|Any CPU
		{83D35EBA-EDE4-4685-99D0-241BFE561584}.Release|Any CPU.ActiveCfg = Release|Any CPU
		{83D35EBA-EDE4-4685-99D0-241BFE561584}.Release|Any CPU.Build.0 = Release|Any CPU
		{7EE4DE81-0D67-4D83-9FC3-9B412B7F6FAF}.Debug|Any CPU.ActiveCfg = Debug|Any CPU
		{7EE4DE81-0D67-4D83-9FC3-9B412B7F6FAF}.Debug|Any CPU.Build.0 = Debug|Any CPU
		{7EE4DE81-0D67-4D83-9FC3-9B412B7F6FAF}.Release|Any CPU.ActiveCfg = Release|Any CPU
		{7EE4DE81-0D67-4D83-9FC3-9B412B7F6FAF}.Release|Any CPU.Build.0 = Release|Any CPU
		{3F84DE85-C0C5-4D85-9CD0-3FA4821A517D}.Debug|Any CPU.ActiveCfg = Debug|Any CPU
		{3F84DE85-C0C5-4D85-9CD0-3FA4821A517D}.Debug|Any CPU.Build.0 = Debug|Any CPU
		{3F84DE85-C0C5-4D85-9CD0-3FA4821A517D}.Release|Any CPU.ActiveCfg = Release|Any CPU
		{3F84DE85-C0C5-4D85-9CD0-3FA4821A517D}.Release|Any CPU.Build.0 = Release|Any CPU
	EndGlobalSection
	GlobalSection(NestedProjects) = preSolution
		{83D35EBA-EDE4-4685-99D0-241BFE561584} = {A40E0FE0-1142-4A6A-AB01-292F0EF58EC2}
		{7EE4DE81-0D67-4D83-9FC3-9B412B7F6FAF} = {A40E0FE0-1142-4A6A-AB01-292F0EF58EC2}
		{3F84DE85-C0C5-4D85-9CD0-3FA4821A517D} = {1F3CF9FA-1B64-43B0-93E4-A7D35A55490D}
	EndGlobalSection
EndGlobal
